
Microsoft Visual Studio Solution File, Format Version 12.00
# Visual Studio Version 16
VisualStudioVersion = 16.0.30104.148
MinimumVisualStudioVersion = 10.0.40219.1
Project("{FAE04EC0-301F-11D3-BF4B-00C04F79EFBC}") = "Kolokwium", "Kolokwium\Kolokwium.csproj", "{E66F6228-891B-414E-8E7C-3961346767CA}"
EndProject
Global
	GlobalSection(SolutionConfigurationPlatforms) = preSolution
		Debug|Any CPU = Debug|Any CPU
		Release|Any CPU = Release|Any CPU
	EndGlobalSection
	GlobalSection(ProjectConfigurationPlatforms) = postSolution
		{E66F6228-891B-414E-8E7C-3961346767CA}.Debug|Any CPU.ActiveCfg = Debug|Any CPU
		{E66F6228-891B-414E-8E7C-3961346767CA}.Debug|Any CPU.Build.0 = Debug|Any CPU
		{E66F6228-891B-414E-8E7C-3961346767CA}.Release|Any CPU.ActiveCfg = Release|Any CPU
		{E66F6228-891B-414E-8E7C-3961346767CA}.Release|Any CPU.Build.0 = Release|Any CPU
	EndGlobalSection
	GlobalSection(SolutionProperties) = preSolution
		HideSolutionNode = FALSE
	EndGlobalSection
	GlobalSection(ExtensibilityGlobals) = postSolution
		SolutionGuid = {5EA27F9A-DA8A-413D-B9E1-817D5E6E5ADA}
	EndGlobalSection
EndGlobal
